Microsoft Visual Studio Solution File, Format Version 12.00
# Visual Studio Version 17
VisualStudioVersion = 17.0.31903.59
MinimumVisualStudioVersion = 10.0.40219.1

Project("{9A19103F-16F7-4668-BE54-9A1E7A4F7556}") = "NatureOS.CoreApi", "src\core-api\NatureOS.CoreApi.csproj", "{A1B2C3D4-E5F6-7890-1234-567890ABCDEF}"
EndProject

Project("{9A19103F-16F7-4668-BE54-9A1E7A4F7556}") = "NatureOS.MINDEX", "src\mindex\NatureOS.MINDEX.csproj", "{B2C3D4E5-F6A7-8901-2345-67890ABCDEF1}"
EndProject

Project("{9A19103F-16F7-4668-BE54-9A1E7A4F7556}") = "NatureOS.Mycorrhizae", "src\mycorrhizae\NatureOS.Mycorrhizae.csproj", "{C3D4E5F6-A7B8-9012-3456-7890ABCDEF12}"
EndProject

Project("{9A19103F-16F7-4668-BE54-9A1E7A4F7556}") = "NatureOS.Ingestion", "src\ingestion\NatureOS.Ingestion.csproj", "{D4E5F6A7-B8C9-0123-4567-890ABCDEF123}"
EndProject

Project("{9A19103F-16F7-4668-BE54-9A1E7A4F7556}") = "NatureOS.Tests", "tests\NatureOS.Tests\NatureOS.Tests.csproj", "{11223344-5566-7788-99AA-BBCCDDEEFF00}"
EndProject

Project("{2150E333-8FDC-42A3-9474-1A3956D46DE8}") = "src", "src", "{E5F6A7B8-C9D0-1234-5678-90ABCDEF1234}"
EndProject

Project("{2150E333-8FDC-42A3-9474-1A3956D46DE8}") = "tests", "tests", "{AABBCCDD-1122-3344-5566-778899001122}"
EndProject

Project("{2150E333-8FDC-42A3-9474-1A3956D46DE8}") = "infrastructure", "infrastructure", "{F6A7B8C9-D0E1-2345-6789-0ABCDEF12345}"
	ProjectSection(SolutionItems) = preProject
		infrastructure\main.bicep = infrastructure\main.bicep
	EndProjectSection
EndProject

Project("{2150E333-8FDC-42A3-9474-1A3956D46DE8}") = "scripts", "scripts", "{A7B8C9D0-E1F2-3456-789A-BCDEF1234567}"
	ProjectSection(SolutionItems) = preProject
		scripts\deploy-infrastructure.sh = scripts\deploy-infrastructure.sh
	EndProjectSection
EndProject

Project("{2150E333-8FDC-42A3-9474-1A3956D46DE8}") = "docs", "docs", "{B8C9D0E1-F2A3-4567-89AB-CDEF12345678}"
	ProjectSection(SolutionItems) = preProject
		README.md = README.md
	EndProjectSection
EndProject

Global
	GlobalSection(SolutionConfigurationPlatforms) = preSolution
		Debug|Any CPU = Debug|Any CPU
		Release|Any CPU = Release|Any CPU
	EndGlobalSection
	
	GlobalSection(ProjectConfigurationPlatforms) = postSolution
		{A1B2C3D4-E5F6-7890-1234-567890ABCDEF}.Debug|Any CPU.ActiveCfg = Debug|Any CPU
		{A1B2C3D4-E5F6-7890-1234-567890ABCDEF}.Debug|Any CPU.Build.0 = Debug|Any CPU
		{A1B2C3D4-E5F6-7890-1234-567890ABCDEF}.Release|Any CPU.ActiveCfg = Release|Any CPU
		{A1B2C3D4-E5F6-7890-1234-567890ABCDEF}.Release|Any CPU.Build.0 = Release|Any CPU
		
		{B2C3D4E5-F6A7-8901-2345-67890ABCDEF1}.Debug|Any CPU.ActiveCfg = Debug|Any CPU
		{B2C3D4E5-F6A7-8901-2345-67890ABCDEF1}.Debug|Any CPU.Build.0 = Debug|Any CPU
		{B2C3D4E5-F6A7-8901-2345-67890ABCDEF1}.Release|Any CPU.ActiveCfg = Release|Any CPU
		{B2C3D4E5-F6A7-8901-2345-67890ABCDEF1}.Release|Any CPU.Build.0 = Release|Any CPU
		
		{C3D4E5F6-A7B8-9012-3456-7890ABCDEF12}.Debug|Any CPU.ActiveCfg = Debug|Any CPU
		{C3D4E5F6-A7B8-9012-3456-7890ABCDEF12}.Debug|Any CPU.Build.0 = Debug|Any CPU
		{C3D4E5F6-A7B8-9012-3456-7890ABCDEF12}.Release|Any CPU.ActiveCfg = Release|Any CPU
		{C3D4E5F6-A7B8-9012-3456-7890ABCDEF12}.Release|Any CPU.Build.0 = Release|Any CPU
		
		{D4E5F6A7-B8C9-0123-4567-890ABCDEF123}.Debug|Any CPU.ActiveCfg = Debug|Any CPU
		{D4E5F6A7-B8C9-0123-4567-890ABCDEF123}.Debug|Any CPU.Build.0 = Debug|Any CPU
		{D4E5F6A7-B8C9-0123-4567-890ABCDEF123}.Release|Any CPU.ActiveCfg = Release|Any CPU
		{D4E5F6A7-B8C9-0123-4567-890ABCDEF123}.Release|Any CPU.Build.0 = Release|Any CPU
		
		{11223344-5566-7788-99AA-BBCCDDEEFF00}.Debug|Any CPU.ActiveCfg = Debug|Any CPU
		{11223344-5566-7788-99AA-BBCCDDEEFF00}.Debug|Any CPU.Build.0 = Debug|Any CPU
		{11223344-5566-7788-99AA-BBCCDDEEFF00}.Release|Any CPU.ActiveCfg = Release|Any CPU
		{11223344-5566-7788-99AA-BBCCDDEEFF00}.Release|Any CPU.Build.0 = Release|Any CPU
	EndGlobalSection
	
	GlobalSection(NestedProjects) = preSolution
		{A1B2C3D4-E5F6-7890-1234-567890ABCDEF} = {E5F6A7B8-C9D0-1234-5678-90ABCDEF1234}
		{B2C3D4E5-F6A7-8901-2345-67890ABCDEF1} = {E5F6A7B8-C9D0-1234-5678-90ABCDEF1234}
		{C3D4E5F6-A7B8-9012-3456-7890ABCDEF12} = {E5F6A7B8-C9D0-1234-5678-90ABCDEF1234}
		{D4E5F6A7-B8C9-0123-4567-890ABCDEF123} = {E5F6A7B8-C9D0-1234-5678-90ABCDEF1234}
		{11223344-5566-7788-99AA-BBCCDDEEFF00} = {AABBCCDD-1122-3344-5566-778899001122}
	EndGlobalSection
	
	GlobalSection(SolutionProperties) = preSolution
		HideSolutionNode = FALSE
	EndGlobalSection
	
	GlobalSection(ExtensibilityGlobals) = postSolution
		SolutionGuid = {12345678-90AB-CDEF-1234-567890ABCDEF}
	EndGlobalSection
EndGlobal 